
Microsoft Visual Studio Solution File, Format Version 12.00
# Visual Studio 15
VisualStudioVersion = 15.0.28307.705
MinimumVisualStudioVersion = 10.0.40219.1
Project("{FAE04EC0-301F-11D3-BF4B-00C04F79EFBC}") = "CreateOpportunity", "CreateOpportunity\CreateOpportunity.csproj", "{3619C68F-CC69-48F1-9655-244B98AE632A}"
EndProject
Project("{FAE04EC0-301F-11D3-BF4B-00C04F79EFBC}") = "CreateOpportunity.Test", "CreateOpportunity.Test\CreateOpportunity.Test.csproj", "{B1B2E322-5B4A-414A-89AE-EB679FCEFF7A}"
EndProject
Global
	GlobalSection(SolutionConfigurationPlatforms) = preSolution
		Debug|Any CPU = Debug|Any CPU
		Release|Any CPU = Release|Any CPU
	EndGlobalSection
	GlobalSection(ProjectConfigurationPlatforms) = postSolution
		{3619C68F-CC69-48F1-9655-244B98AE632A}.Debug|Any CPU.ActiveCfg = Debug|Any CPU
		{3619C68F-CC69-48F1-9655-244B98AE632A}.Debug|Any CPU.Build.0 = Debug|Any CPU
		{3619C68F-CC69-48F1-9655-244B98AE632A}.Release|Any CPU.ActiveCfg = Release|Any CPU
		{3619C68F-CC69-48F1-9655-244B98AE632A}.Release|Any CPU.Build.0 = Release|Any CPU
		{B1B2E322-5B4A-414A-89AE-EB679FCEFF7A}.Debug|Any CPU.ActiveCfg = Debug|Any CPU
		{B1B2E322-5B4A-414A-89AE-EB679FCEFF7A}.Debug|Any CPU.Build.0 = Debug|Any CPU
		{B1B2E322-5B4A-414A-89AE-EB679FCEFF7A}.Release|Any CPU.ActiveCfg = Release|Any CPU
		{B1B2E322-5B4A-414A-89AE-EB679FCEFF7A}.Release|Any CPU.Build.0 = Release|Any CPU
	EndGlobalSection
	GlobalSection(SolutionProperties) = preSolution
		HideSolutionNode = FALSE
	EndGlobalSection
	GlobalSection(ExtensibilityGlobals) = postSolution
		SolutionGuid = {129EEE94-A7ED-437F-836C-8A9E2C9EE9E6}
	EndGlobalSection
EndGlobal
